
Microsoft Visual Studio Solution File, Format Version 12.00
# Visual Studio 15
VisualStudioVersion = 15.0.27428.2015
MinimumVisualStudioVersion = 10.0.40219.1
Project("{FAE04EC0-301F-11D3-BF4B-00C04F79EFBC}") = "LargeFileUpload", "LargeFileUpload\LargeFileUpload.csproj", "{538986D4-73B6-4263-B6BA-28FE1D1C0D77}"
EndProject
Global
	GlobalSection(SolutionConfigurationPlatforms) = preSolution
		Debug|Any CPU = Debug|Any CPU
		Release|Any CPU = Release|Any CPU
	EndGlobalSection
	GlobalSection(ProjectConfigurationPlatforms) = postSolution
		{538986D4-73B6-4263-B6BA-28FE1D1C0D77}.Debug|Any CPU.ActiveCfg = Debug|Any CPU
		{538986D4-73B6-4263-B6BA-28FE1D1C0D77}.Debug|Any CPU.Build.0 = Debug|Any CPU
		{538986D4-73B6-4263-B6BA-28FE1D1C0D77}.Release|Any CPU.ActiveCfg = Release|Any CPU
		{538986D4-73B6-4263-B6BA-28FE1D1C0D77}.Release|Any CPU.Build.0 = Release|Any CPU
	EndGlobalSection
	GlobalSection(SolutionProperties) = preSolution
		HideSolutionNode = FALSE
	EndGlobalSection
	GlobalSection(ExtensibilityGlobals) = postSolution
		SolutionGuid = {F309D3D7-DDAB-4B35-B17A-87C0CC5A1D60}
	EndGlobalSection
EndGlobal
